
Microsoft Visual Studio Solution File, Format Version 12.00
# Visual Studio Version 17
VisualStudioVersion = 17.12.35527.113 d17.12
MinimumVisualStudioVersion = 10.0.40219.1
Project("{2150E333-8FDC-42A3-9474-1A3956D46DE8}") = "Core", "Core", "{60771C96-0E26-4CA1-94B7-D14865690BCF}"
EndProject
Project("{2150E333-8FDC-42A3-9474-1A3956D46DE8}") = "Web", "Web", "{B0E9A62B-D796-4A58-8A37-036BE3681170}"
EndProject
Project("{2150E333-8FDC-42A3-9474-1A3956D46DE8}") = "Api", "Api", "{D94642AB-F4F4-4501-B22D-BB71F4CCEBEC}"
EndProject
Project("{2150E333-8FDC-42A3-9474-1A3956D46DE8}") = "Application", "Application", "{7AC9FF0E-0941-4207-89DA-E0910B26D19E}"
EndProject
Project("{2150E333-8FDC-42A3-9474-1A3956D46DE8}") = "Infraestructure", "Infraestructure", "{2B19D70B-39F1-4052-862E-92322E8DF9CC}"
EndProject
Project("{2150E333-8FDC-42A3-9474-1A3956D46DE8}") = "Test", "Test", "{0C354DE5-7D6A-453C-A1C9-A9C49660B695}"
EndProject
Project("{FAE04EC0-301F-11D3-BF4B-00C04F79EFBC}") = "MedicalAppointment.Application", "MedicalAppointment.Application\MedicalAppointment.Application.csproj", "{968AB4BB-2F6F-42B1-9227-B82784998A31}"
EndProject
Project("{FAE04EC0-301F-11D3-BF4B-00C04F79EFBC}") = "MedicalAppointment.Domain", "MedicalAppointment.Domain\MedicalAppointment.Domain.csproj", "{12C60370-57BB-425C-A39B-645ADBD09874}"
EndProject
Project("{FAE04EC0-301F-11D3-BF4B-00C04F79EFBC}") = "MedicalAppointment.Infraestructure", "MedicalAppointment.Infraestructure\MedicalAppointment.Infraestructure.csproj", "{A0EF0BC0-8B3A-423C-AF4D-4FBA61483C7A}"
EndProject
Project("{FAE04EC0-301F-11D3-BF4B-00C04F79EFBC}") = "MedicalAppointment.Persistence", "MedicalAppointment.Persistence\MedicalAppointment.Persistence.csproj", "{2A247E67-78CF-47B5-B970-C179C9DE3ED9}"
EndProject
Project("{FAE04EC0-301F-11D3-BF4B-00C04F79EFBC}") = "MedicalAppointment.Application.Test", "MedicalAppointment.Application.Test\MedicalAppointment.Application.Test.csproj", "{AC1CB14E-E829-4922-9595-81F76AE05780}"
EndProject
Project("{FAE04EC0-301F-11D3-BF4B-00C04F79EFBC}") = "MedicalAppointment.Persistence.Test", "MedicalAppointment.Persistence.Test\MedicalAppointment.Persistence.Test.csproj", "{25FC4AE8-93AE-42FC-B548-BCF6BA5A7FE1}"
EndProject
Project("{FAE04EC0-301F-11D3-BF4B-00C04F79EFBC}") = "MedicalAppointment.Api", "MedicalAppointment.Api\MedicalAppointment.Api.csproj", "{337D86BB-E971-4E87-9029-027E5F1165FC}"
EndProject
Project("{FAE04EC0-301F-11D3-BF4B-00C04F79EFBC}") = "MedicalAppointment.Web", "MedicalAppointment.Web\MedicalAppointment.Web.csproj", "{1EE0B6A2-D3DF-4279-A0BF-64208A280446}"
EndProject
Global
	GlobalSection(SolutionConfigurationPlatforms) = preSolution
		Debug|Any CPU = Debug|Any CPU
		Release|Any CPU = Release|Any CPU
	EndGlobalSection
	GlobalSection(ProjectConfigurationPlatforms) = postSolution
		{968AB4BB-2F6F-42B1-9227-B82784998A31}.Debug|Any CPU.ActiveCfg = Debug|Any CPU
		{968AB4BB-2F6F-42B1-9227-B82784998A31}.Debug|Any CPU.Build.0 = Debug|Any CPU
		{968AB4BB-2F6F-42B1-9227-B82784998A31}.Release|Any CPU.ActiveCfg = Release|Any CPU
		{968AB4BB-2F6F-42B1-9227-B82784998A31}.Release|Any CPU.Build.0 = Release|Any CPU
		{12C60370-57BB-425C-A39B-645ADBD09874}.Debug|Any CPU.ActiveCfg = Debug|Any CPU
		{12C60370-57BB-425C-A39B-645ADBD09874}.Debug|Any CPU.Build.0 = Debug|Any CPU
		{12C60370-57BB-425C-A39B-645ADBD09874}.Release|Any CPU.ActiveCfg = Release|Any CPU
		{12C60370-57BB-425C-A39B-645ADBD09874}.Release|Any CPU.Build.0 = Release|Any CPU
		{A0EF0BC0-8B3A-423C-AF4D-4FBA61483C7A}.Debug|Any CPU.ActiveCfg = Debug|Any CPU
		{A0EF0BC0-8B3A-423C-AF4D-4FBA61483C7A}.Debug|Any CPU.Build.0 = Debug|Any CPU
		{A0EF0BC0-8B3A-423C-AF4D-4FBA61483C7A}.Release|Any CPU.ActiveCfg = Release|Any CPU
		{A0EF0BC0-8B3A-423C-AF4D-4FBA61483C7A}.Release|Any CPU.Build.0 = Release|Any CPU
		{2A247E67-78CF-47B5-B970-C179C9DE3ED9}.Debug|Any CPU.ActiveCfg = Debug|Any CPU
		{2A247E67-78CF-47B5-B970-C179C9DE3ED9}.Debug|Any CPU.Build.0 = Debug|Any CPU
		{2A247E67-78CF-47B5-B970-C179C9DE3ED9}.Release|Any CPU.ActiveCfg = Release|Any CPU
		{2A247E67-78CF-47B5-B970-C179C9DE3ED9}.Release|Any CPU.Build.0 = Release|Any CPU
		{AC1CB14E-E829-4922-9595-81F76AE05780}.Debug|Any CPU.ActiveCfg = Debug|Any CPU
		{AC1CB14E-E829-4922-9595-81F76AE05780}.Debug|Any CPU.Build.0 = Debug|Any CPU
		{AC1CB14E-E829-4922-9595-81F76AE05780}.Release|Any CPU.ActiveCfg = Release|Any CPU
		{AC1CB14E-E829-4922-9595-81F76AE05780}.Release|Any CPU.Build.0 = Release|Any CPU
		{25FC4AE8-93AE-42FC-B548-BCF6BA5A7FE1}.Debug|Any CPU.ActiveCfg = Debug|Any CPU
		{25FC4AE8-93AE-42FC-B548-BCF6BA5A7FE1}.Debug|Any CPU.Build.0 = Debug|Any CPU
		{25FC4AE8-93AE-42FC-B548-BCF6BA5A7FE1}.Release|Any CPU.ActiveCfg = Release|Any CPU
		{25FC4AE8-93AE-42FC-B548-BCF6BA5A7FE1}.Release|Any CPU.Build.0 = Release|Any CPU
		{337D86BB-E971-4E87-9029-027E5F1165FC}.Debug|Any CPU.ActiveCfg = Debug|Any CPU
		{337D86BB-E971-4E87-9029-027E5F1165FC}.Debug|Any CPU.Build.0 = Debug|Any CPU
		{337D86BB-E971-4E87-9029-027E5F1165FC}.Release|Any CPU.ActiveCfg = Release|Any CPU
		{337D86BB-E971-4E87-9029-027E5F1165FC}.Release|Any CPU.Build.0 = Release|Any CPU
		{1EE0B6A2-D3DF-4279-A0BF-64208A280446}.Debug|Any CPU.ActiveCfg = Debug|Any CPU
		{1EE0B6A2-D3DF-4279-A0BF-64208A280446}.Debug|Any CPU.Build.0 = Debug|Any CPU
		{1EE0B6A2-D3DF-4279-A0BF-64208A280446}.Release|Any CPU.ActiveCfg = Release|Any CPU
		{1EE0B6A2-D3DF-4279-A0BF-64208A280446}.Release|Any CPU.Build.0 = Release|Any CPU
	EndGlobalSection
	GlobalSection(SolutionProperties) = preSolution
		HideSolutionNode = FALSE
	EndGlobalSection
	GlobalSection(NestedProjects) = preSolution
		{968AB4BB-2F6F-42B1-9227-B82784998A31} = {7AC9FF0E-0941-4207-89DA-E0910B26D19E}
		{12C60370-57BB-425C-A39B-645ADBD09874} = {60771C96-0E26-4CA1-94B7-D14865690BCF}
		{A0EF0BC0-8B3A-423C-AF4D-4FBA61483C7A} = {2B19D70B-39F1-4052-862E-92322E8DF9CC}
		{2A247E67-78CF-47B5-B970-C179C9DE3ED9} = {2B19D70B-39F1-4052-862E-92322E8DF9CC}
		{AC1CB14E-E829-4922-9595-81F76AE05780} = {0C354DE5-7D6A-453C-A1C9-A9C49660B695}
		{25FC4AE8-93AE-42FC-B548-BCF6BA5A7FE1} = {0C354DE5-7D6A-453C-A1C9-A9C49660B695}
		{337D86BB-E971-4E87-9029-027E5F1165FC} = {D94642AB-F4F4-4501-B22D-BB71F4CCEBEC}
		{1EE0B6A2-D3DF-4279-A0BF-64208A280446} = {B0E9A62B-D796-4A58-8A37-036BE3681170}
	EndGlobalSection
EndGlobal
